// !$*UTF8*$!
{
	archiveVersion = 1;
	classes = {
	};
	objectVersion = 56;
	objects = {

/* Begin PBXBuildFile section */
		64138ECB299DADAF00566CE0 /* UltimatePortfolioApp.swift in Sources */ = {isa = PBXBuildFile; fileRef = 64138ECA299DADAF00566CE0 /* UltimatePortfolioApp.swift */; };
		64138ECD299DADAF00566CE0 /* ContentView.swift in Sources */ = {isa = PBXBuildFile; fileRef = 64138ECC299DADAF00566CE0 /* ContentView.swift */; };
		64138ECF299DADAF00566CE0 /* Assets.xcassets in Resources */ = {isa = PBXBuildFile; fileRef = 64138ECE299DADAF00566CE0 /* Assets.xcassets */; };
		64138ED3299DADAF00566CE0 /* Preview Assets.xcassets in Resources */ = {isa = PBXBuildFile; fileRef = 64138ED2299DADAF00566CE0 /* Preview Assets.xcassets */; };
		643C0AC829A1F9B900116893 /* SidebarView.swift in Sources */ = {isa = PBXBuildFile; fileRef = 643C0AC729A1F9B900116893 /* SidebarView.swift */; };
		643C0ACA29A1F9D600116893 /* DetailView.swift in Sources */ = {isa = PBXBuildFile; fileRef = 643C0AC929A1F9D600116893 /* DetailView.swift */; };
		643C0ACC29A1FBB400116893 /* Filter.swift in Sources */ = {isa = PBXBuildFile; fileRef = 643C0ACB29A1FBB400116893 /* Filter.swift */; };
		644F3CDC29E492340084D122 /* Bundle-Decodable.swift in Sources */ = {isa = PBXBuildFile; fileRef = 644F3CDB29E492340084D122 /* Bundle-Decodable.swift */; };
		644F3CDF29E497440084D122 /* Awards.json in Resources */ = {isa = PBXBuildFile; fileRef = 644F3CDD29E497440084D122 /* Awards.json */; };
		644F3CE029E497440084D122 /* Colors.xcassets in Resources */ = {isa = PBXBuildFile; fileRef = 644F3CDE29E497440084D122 /* Colors.xcassets */; };
		644F3CE229E4A5B80084D122 /* Award.swift in Sources */ = {isa = PBXBuildFile; fileRef = 644F3CE129E4A5B80084D122 /* Award.swift */; };
		644F3CE429E4A67E0084D122 /* AwardsView.swift in Sources */ = {isa = PBXBuildFile; fileRef = 644F3CE329E4A67E0084D122 /* AwardsView.swift */; };
		64524F8A2A03BF5A00C2A1A7 /* Localizable.stringsdict in Resources */ = {isa = PBXBuildFile; fileRef = 64524F892A03BF5A00C2A1A7 /* Localizable.stringsdict */; };
		64590E2429A30DFB0028317D /* Issue-CoreDataHelpers.swift in Sources */ = {isa = PBXBuildFile; fileRef = 64590E2329A30DFB0028317D /* Issue-CoreDataHelpers.swift */; };
		64590E2629A312A40028317D /* Tag-CoreDataHelpers.swift in Sources */ = {isa = PBXBuildFile; fileRef = 64590E2529A312A40028317D /* Tag-CoreDataHelpers.swift */; };
		647C42DF29A95F31006057B9 /* IssueRow.swift in Sources */ = {isa = PBXBuildFile; fileRef = 647C42DE29A95F31006057B9 /* IssueRow.swift */; };
		647C42E129A96A7E006057B9 /* IssueView.swift in Sources */ = {isa = PBXBuildFile; fileRef = 647C42E029A96A7E006057B9 /* IssueView.swift */; };
		647C42E329A96A8A006057B9 /* NoIssueView.swift in Sources */ = {isa = PBXBuildFile; fileRef = 647C42E229A96A8A006057B9 /* NoIssueView.swift */; };
		64AD15862A0194C8002C8C9F /* Localizable.strings in Resources */ = {isa = PBXBuildFile; fileRef = 64AD15852A0194C8002C8C9F /* Localizable.strings */; };
		64F0B34429A109F300E20CDB /* Main.xcdatamodeld in Sources */ = {isa = PBXBuildFile; fileRef = 64F0B34229A109F300E20CDB /* Main.xcdatamodeld */; };
		64F0B34629A1DB7600E20CDB /* DataController.swift in Sources */ = {isa = PBXBuildFile; fileRef = 64F0B34529A1DB7600E20CDB /* DataController.swift */; };
/* End PBXBuildFile section */

/* Begin PBXFileReference section */
		64138EC7299DADAF00566CE0 /* UltimatePortfolio.app */ = {isa = PBXFileReference; explicitFileType = wrapper.application; includeInIndex = 0; path = UltimatePortfolio.app; sourceTree = BUILT_PRODUCTS_DIR; };
		64138ECA299DADAF00566CE0 /* UltimatePortfolioApp.swift */ = {isa = PBXFileReference; lastKnownFileType = sourcecode.swift; path = UltimatePortfolioApp.swift; sourceTree = "<group>"; };
		64138ECC299DADAF00566CE0 /* ContentView.swift */ = {isa = PBXFileReference; lastKnownFileType = sourcecode.swift; path = ContentView.swift; sourceTree = "<group>"; };
		64138ECE299DADAF00566CE0 /* Assets.xcassets */ = {isa = PBXFileReference; lastKnownFileType = folder.assetcatalog; path = Assets.xcassets; sourceTree = "<group>"; };
		64138ED0299DADAF00566CE0 /* UltimatePortfolio.entitlements */ = {isa = PBXFileReference; lastKnownFileType = text.plist.entitlements; path = UltimatePortfolio.entitlements; sourceTree = "<group>"; };
		64138ED2299DADAF00566CE0 /* Preview Assets.xcassets */ = {isa = PBXFileReference; lastKnownFileType = folder.assetcatalog; path = "Preview Assets.xcassets"; sourceTree = "<group>"; };
		643C0AC729A1F9B900116893 /* SidebarView.swift */ = {isa = PBXFileReference; lastKnownFileType = sourcecode.swift; path = SidebarView.swift; sourceTree = "<group>"; };
		643C0AC929A1F9D600116893 /* DetailView.swift */ = {isa = PBXFileReference; lastKnownFileType = sourcecode.swift; path = DetailView.swift; sourceTree = "<group>"; };
		643C0ACB29A1FBB400116893 /* Filter.swift */ = {isa = PBXFileReference; lastKnownFileType = sourcecode.swift; path = Filter.swift; sourceTree = "<group>"; };
		644F3CDB29E492340084D122 /* Bundle-Decodable.swift */ = {isa = PBXFileReference; lastKnownFileType = sourcecode.swift; path = "Bundle-Decodable.swift"; sourceTree = "<group>"; };
		644F3CDD29E497440084D122 /* Awards.json */ = {isa = PBXFileReference; fileEncoding = 4; lastKnownFileType = text.json; path = Awards.json; sourceTree = "<group>"; };
		644F3CDE29E497440084D122 /* Colors.xcassets */ = {isa = PBXFileReference; lastKnownFileType = folder.assetcatalog; path = Colors.xcassets; sourceTree = "<group>"; };
		644F3CE129E4A5B80084D122 /* Award.swift */ = {isa = PBXFileReference; lastKnownFileType = sourcecode.swift; path = Award.swift; sourceTree = "<group>"; };
		644F3CE329E4A67E0084D122 /* AwardsView.swift */ = {isa = PBXFileReference; lastKnownFileType = sourcecode.swift; path = AwardsView.swift; sourceTree = "<group>"; };
		64524F892A03BF5A00C2A1A7 /* Localizable.stringsdict */ = {isa = PBXFileReference; lastKnownFileType = text.plist.stringsdict; path = Localizable.stringsdict; sourceTree = "<group>"; };
		64590E2329A30DFB0028317D /* Issue-CoreDataHelpers.swift */ = {isa = PBXFileReference; lastKnownFileType = sourcecode.swift; path = "Issue-CoreDataHelpers.swift"; sourceTree = "<group>"; };
		64590E2529A312A40028317D /* Tag-CoreDataHelpers.swift */ = {isa = PBXFileReference; lastKnownFileType = sourcecode.swift; path = "Tag-CoreDataHelpers.swift"; sourceTree = "<group>"; };
		647C42DE29A95F31006057B9 /* IssueRow.swift */ = {isa = PBXFileReference; lastKnownFileType = sourcecode.swift; path = IssueRow.swift; sourceTree = "<group>"; };
		647C42E029A96A7E006057B9 /* IssueView.swift */ = {isa = PBXFileReference; lastKnownFileType = sourcecode.swift; path = IssueView.swift; sourceTree = "<group>"; };
		647C42E229A96A8A006057B9 /* NoIssueView.swift */ = {isa = PBXFileReference; lastKnownFileType = sourcecode.swift; path = NoIssueView.swift; sourceTree = "<group>"; };
		64AD15852A0194C8002C8C9F /* Localizable.strings */ = {isa = PBXFileReference; lastKnownFileType = text.plist.strings; path = Localizable.strings; sourceTree = "<group>"; };
		64F0B34329A109F300E20CDB /* Main.xcdatamodel */ = {isa = PBXFileReference; lastKnownFileType = wrapper.xcdatamodel; path = Main.xcdatamodel; sourceTree = "<group>"; };
		64F0B34529A1DB7600E20CDB /* DataController.swift */ = {isa = PBXFileReference; lastKnownFileType = sourcecode.swift; path = DataController.swift; sourceTree = "<group>"; };
		64F0B34729A1ED7D00E20CDB /* Info.plist */ = {isa = PBXFileReference; lastKnownFileType = text.plist; path = Info.plist; sourceTree = "<group>"; };
/* End PBXFileReference section */

/* Begin PBXFrameworksBuildPhase section */
		64138EC4299DADAF00566CE0 /* Frameworks */ = {
			isa = PBXFrameworksBuildPhase;
			buildActionMask = 2147483647;
			files = (
			);
			runOnlyForDeploymentPostprocessing = 0;
		};
/* End PBXFrameworksBuildPhase section */

/* Begin PBXGroup section */
		64133A6029DBE37300EFA3D9 /* Views */ = {
			isa = PBXGroup;
			children = (
				643C0AC929A1F9D600116893 /* DetailView.swift */,
				647C42DE29A95F31006057B9 /* IssueRow.swift */,
				647C42E029A96A7E006057B9 /* IssueView.swift */,
				647C42E229A96A8A006057B9 /* NoIssueView.swift */,
				643C0AC729A1F9B900116893 /* SidebarView.swift */,
			);
			path = Views;
			sourceTree = "<group>";
		};
		64133A6129DBE45300EFA3D9 /* Extensions */ = {
			isa = PBXGroup;
			children = (
				644F3CDB29E492340084D122 /* Bundle-Decodable.swift */,
				64590E2329A30DFB0028317D /* Issue-CoreDataHelpers.swift */,
				64590E2529A312A40028317D /* Tag-CoreDataHelpers.swift */,
			);
			path = Extensions;
			sourceTree = "<group>";
		};
		64133A6229DBE48900EFA3D9 /* Data Models */ = {
			isa = PBXGroup;
			children = (
				643C0ACB29A1FBB400116893 /* Filter.swift */,
				64F0B34229A109F300E20CDB /* Main.xcdatamodeld */,
			);
			path = "Data Models";
			sourceTree = "<group>";
		};
		64138EBE299DADAF00566CE0 = {
			isa = PBXGroup;
			children = (
				64138EC9299DADAF00566CE0 /* UltimatePortfolio */,
				64138EC8299DADAF00566CE0 /* Products */,
			);
			sourceTree = "<group>";
		};
		64138EC8299DADAF00566CE0 /* Products */ = {
			isa = PBXGroup;
			children = (
				64138EC7299DADAF00566CE0 /* UltimatePortfolio.app */,
			);
			name = Products;
			sourceTree = "<group>";
		};
		64138EC9299DADAF00566CE0 /* UltimatePortfolio */ = {
			isa = PBXGroup;
			children = (
				64138ECA299DADAF00566CE0 /* UltimatePortfolioApp.swift */,
				64138ECC299DADAF00566CE0 /* ContentView.swift */,
				64F0B34529A1DB7600E20CDB /* DataController.swift */,
				64133A6029DBE37300EFA3D9 /* Views */,
				64133A6129DBE45300EFA3D9 /* Extensions */,
				64133A6229DBE48900EFA3D9 /* Data Models */,
				644F3CDD29E497440084D122 /* Awards.json */,
				644F3CE129E4A5B80084D122 /* Award.swift */,
				644F3CE329E4A67E0084D122 /* AwardsView.swift */,
				64AD15852A0194C8002C8C9F /* Localizable.strings */,
				64524F892A03BF5A00C2A1A7 /* Localizable.stringsdict */,
				64F0B34729A1ED7D00E20CDB /* Info.plist */,
				644F3CDE29E497440084D122 /* Colors.xcassets */,
				64138ECE299DADAF00566CE0 /* Assets.xcassets */,
				64138ED0299DADAF00566CE0 /* UltimatePortfolio.entitlements */,
				64138ED1299DADAF00566CE0 /* Preview Content */,
			);
			path = UltimatePortfolio;
			sourceTree = "<group>";
		};
		64138ED1299DADAF00566CE0 /* Preview Content */ = {
			isa = PBXGroup;
			children = (
				64138ED2299DADAF00566CE0 /* Preview Assets.xcassets */,
			);
			path = "Preview Content";
			sourceTree = "<group>";
		};
/* End PBXGroup section */

/* Begin PBXNativeTarget section */
		64138EC6299DADAF00566CE0 /* UltimatePortfolio */ = {
			isa = PBXNativeTarget;
			buildConfigurationList = 64138ED6299DADAF00566CE0 /* Build configuration list for PBXNativeTarget "UltimatePortfolio" */;
			buildPhases = (
				64138EC3299DADAF00566CE0 /* Sources */,
				64138EC4299DADAF00566CE0 /* Frameworks */,
				64138EC5299DADAF00566CE0 /* Resources */,
			);
			buildRules = (
			);
			dependencies = (
			);
			name = UltimatePortfolio;
			productName = UltimatePortfolio;
			productReference = 64138EC7299DADAF00566CE0 /* UltimatePortfolio.app */;
			productType = "com.apple.product-type.application";
		};
/* End PBXNativeTarget section */

/* Begin PBXProject section */
		64138EBF299DADAF00566CE0 /* Project object */ = {
			isa = PBXProject;
			attributes = {
				BuildIndependentTargetsInParallel = 1;
				LastSwiftUpdateCheck = 1420;
				LastUpgradeCheck = 1430;
				TargetAttributes = {
					64138EC6299DADAF00566CE0 = {
						CreatedOnToolsVersion = 14.2;
					};
				};
			};
			buildConfigurationList = 64138EC2299DADAF00566CE0 /* Build configuration list for PBXProject "UltimatePortfolio" */;
			compatibilityVersion = "Xcode 14.0";
			developmentRegion = en;
			hasScannedForEncodings = 0;
			knownRegions = (
				en,
				Base,
			);
			mainGroup = 64138EBE299DADAF00566CE0;
			productRefGroup = 64138EC8299DADAF00566CE0 /* Products */;
			projectDirPath = "";
			projectRoot = "";
			targets = (
				64138EC6299DADAF00566CE0 /* UltimatePortfolio */,
			);
		};
/* End PBXProject section */

/* Begin PBXResourcesBuildPhase section */
		64138EC5299DADAF00566CE0 /* Resources */ = {
			isa = PBXResourcesBuildPhase;
			buildActionMask = 2147483647;
			files = (
				64AD15862A0194C8002C8C9F /* Localizable.strings in Resources */,
				64138ED3299DADAF00566CE0 /* Preview Assets.xcassets in Resources */,
				644F3CE029E497440084D122 /* Colors.xcassets in Resources */,
				644F3CDF29E497440084D122 /* Awards.json in Resources */,
				64138ECF299DADAF00566CE0 /* Assets.xcassets in Resources */,
				64524F8A2A03BF5A00C2A1A7 /* Localizable.stringsdict in Resources */,
			);
			runOnlyForDeploymentPostprocessing = 0;
		};
/* End PBXResourcesBuildPhase section */

/* Begin PBXSourcesBuildPhase section */
		64138EC3299DADAF00566CE0 /* Sources */ = {
			isa = PBXSourcesBuildPhase;
			buildActionMask = 2147483647;
			files = (
				643C0ACC29A1FBB400116893 /* Filter.swift in Sources */,
				644F3CE229E4A5B80084D122 /* Award.swift in Sources */,
				644F3CE429E4A67E0084D122 /* AwardsView.swift in Sources */,
				64590E2629A312A40028317D /* Tag-CoreDataHelpers.swift in Sources */,
				64F0B34429A109F300E20CDB /* Main.xcdatamodeld in Sources */,
				64590E2429A30DFB0028317D /* Issue-CoreDataHelpers.swift in Sources */,
				644F3CDC29E492340084D122 /* Bundle-Decodable.swift in Sources */,
				643C0ACA29A1F9D600116893 /* DetailView.swift in Sources */,
				64F0B34629A1DB7600E20CDB /* DataController.swift in Sources */,
				643C0AC829A1F9B900116893 /* SidebarView.swift in Sources */,
				64138ECD299DADAF00566CE0 /* ContentView.swift in Sources */,
				647C42E129A96A7E006057B9 /* IssueView.swift in Sources */,
				647C42E329A96A8A006057B9 /* NoIssueView.swift in Sources */,
				647C42DF29A95F31006057B9 /* IssueRow.swift in Sources */,
				64138ECB299DADAF00566CE0 /* UltimatePortfolioApp.swift in Sources */,
			);
			runOnlyForDeploymentPostprocessing = 0;
		};
/* End PBXSourcesBuildPhase section */

/* Begin XCBuildConfiguration section */
		64138ED4299DADAF00566CE0 /* Debug */ = {
			isa = XCBuildConfiguration;
			buildSettings = {
				ALWAYS_SEARCH_USER_PATHS = NO;
				CLANG_ANALYZER_NONNULL = YES;
				CLANG_ANALYZER_NUMBER_OBJECT_CONVERSION = YES_AGGRESSIVE;
				CLANG_CXX_LANGUAGE_STANDARD = "gnu++20";
				CLANG_ENABLE_MODULES = YES;
				CLANG_ENABLE_OBJC_ARC = YES;
				CLANG_ENABLE_OBJC_WEAK = YES;
				CLANG_WARN_BLOCK_CAPTURE_AUTORELEASING = YES;
				CLANG_WARN_BOOL_CONVERSION = YES;
				CLANG_WARN_COMMA = YES;
				CLANG_WARN_CONSTANT_CONVERSION = YES;
				CLANG_WARN_DEPRECATED_OBJC_IMPLEMENTATIONS = YES;
				CLANG_WARN_DIRECT_OBJC_ISA_USAGE = YES_ERROR;
				CLANG_WARN_DOCUMENTATION_COMMENTS = YES;
				CLANG_WARN_EMPTY_BODY = YES;
				CLANG_WARN_ENUM_CONVERSION = YES;
				CLANG_WARN_INFINITE_RECURSION = YES;
				CLANG_WARN_INT_CONVERSION = YES;
				CLANG_WARN_NON_LITERAL_NULL_CONVERSION = YES;
				CLANG_WARN_OBJC_IMPLICIT_RETAIN_SELF = YES;
				CLANG_WARN_OBJC_LITERAL_CONVERSION = YES;
				CLANG_WARN_OBJC_ROOT_CLASS = YES_ERROR;
				CLANG_WARN_QUOTED_INCLUDE_IN_FRAMEWORK_HEADER = YES;
				CLANG_WARN_RANGE_LOOP_ANALYSIS = YES;
				CLANG_WARN_STRICT_PROTOTYPES = YES;
				CLANG_WARN_SUSPICIOUS_MOVE = YES;
				CLANG_WARN_UNGUARDED_AVAILABILITY = YES_AGGRESSIVE;
				CLANG_WARN_UNREACHABLE_CODE = YES;
				CLANG_WARN__DUPLICATE_METHOD_MATCH = YES;
				COPY_PHASE_STRIP = NO;
				DEAD_CODE_STRIPPING = YES;
				DEBUG_INFORMATION_FORMAT = dwarf;
				ENABLE_STRICT_OBJC_MSGSEND = YES;
				ENABLE_TESTABILITY = YES;
				GCC_C_LANGUAGE_STANDARD = gnu11;
				GCC_DYNAMIC_NO_PIC = NO;
				GCC_NO_COMMON_BLOCKS = YES;
				GCC_OPTIMIZATION_LEVEL = 0;
				GCC_PREPROCESSOR_DEFINITIONS = (
					"DEBUG=1",
					"$(inherited)",
				);
				GCC_WARN_64_TO_32_BIT_CONVERSION = YES;
				GCC_WARN_ABOUT_RETURN_TYPE = YES_ERROR;
				GCC_WARN_UNDECLARED_SELECTOR = YES;
				GCC_WARN_UNINITIALIZED_AUTOS = YES_AGGRESSIVE;
				GCC_WARN_UNUSED_FUNCTION = YES;
				GCC_WARN_UNUSED_VARIABLE = YES;
				IPHONEOS_DEPLOYMENT_TARGET = 16.2;
				MACOSX_DEPLOYMENT_TARGET = 13.1;
				MTL_ENABLE_DEBUG_INFO = INCLUDE_SOURCE;
				MTL_FAST_MATH = YES;
				ONLY_ACTIVE_ARCH = YES;
				SWIFT_ACTIVE_COMPILATION_CONDITIONS = DEBUG;
				SWIFT_OPTIMIZATION_LEVEL = "-Onone";
			};
			name = Debug;
		};
		64138ED5299DADAF00566CE0 /* Release */ = {
			isa = XCBuildConfiguration;
			buildSettings = {
				ALWAYS_SEARCH_USER_PATHS = NO;
				CLANG_ANALYZER_NONNULL = YES;
				CLANG_ANALYZER_NUMBER_OBJECT_CONVERSION = YES_AGGRESSIVE;
				CLANG_CXX_LANGUAGE_STANDARD = "gnu++20";
				CLANG_ENABLE_MODULES = YES;
				CLANG_ENABLE_OBJC_ARC = YES;
				CLANG_ENABLE_OBJC_WEAK = YES;
				CLANG_WARN_BLOCK_CAPTURE_AUTORELEASING = YES;
				CLANG_WARN_BOOL_CONVERSION = YES;
				CLANG_WARN_COMMA = YES;
				CLANG_WARN_CONSTANT_CONVERSION = YES;
				CLANG_WARN_DEPRECATED_OBJC_IMPLEMENTATIONS = YES;
				CLANG_WARN_DIRECT_OBJC_ISA_USAGE = YES_ERROR;
				CLANG_WARN_DOCUMENTATION_COMMENTS = YES;
				CLANG_WARN_EMPTY_BODY = YES;
				CLANG_WARN_ENUM_CONVERSION = YES;
				CLANG_WARN_INFINITE_RECURSION = YES;
				CLANG_WARN_INT_CONVERSION = YES;
				CLANG_WARN_NON_LITERAL_NULL_CONVERSION = YES;
				CLANG_WARN_OBJC_IMPLICIT_RETAIN_SELF = YES;
				CLANG_WARN_OBJC_LITERAL_CONVERSION = YES;
				CLANG_WARN_OBJC_ROOT_CLASS = YES_ERROR;
				CLANG_WARN_QUOTED_INCLUDE_IN_FRAMEWORK_HEADER = YES;
				CLANG_WARN_RANGE_LOOP_ANALYSIS = YES;
				CLANG_WARN_STRICT_PROTOTYPES = YES;
				CLANG_WARN_SUSPICIOUS_MOVE = YES;
				CLANG_WARN_UNGUARDED_AVAILABILITY = YES_AGGRESSIVE;
				CLANG_WARN_UNREACHABLE_CODE = YES;
				CLANG_WARN__DUPLICATE_METHOD_MATCH = YES;
				COPY_PHASE_STRIP = NO;
				DEAD_CODE_STRIPPING = YES;
				DEBUG_INFORMATION_FORMAT = "dwarf-with-dsym";
				ENABLE_NS_ASSERTIONS = NO;
				ENABLE_STRICT_OBJC_MSGSEND = YES;
				GCC_C_LANGUAGE_STANDARD = gnu11;
				GCC_NO_COMMON_BLOCKS = YES;
				GCC_WARN_64_TO_32_BIT_CONVERSION = YES;
				GCC_WARN_ABOUT_RETURN_TYPE = YES_ERROR;
				GCC_WARN_UNDECLARED_SELECTOR = YES;
				GCC_WARN_UNINITIALIZED_AUTOS = YES_AGGRESSIVE;
				GCC_WARN_UNUSED_FUNCTION = YES;
				GCC_WARN_UNUSED_VARIABLE = YES;
				IPHONEOS_DEPLOYMENT_TARGET = 16.2;
				MACOSX_DEPLOYMENT_TARGET = 13.1;
				MTL_ENABLE_DEBUG_INFO = NO;
				MTL_FAST_MATH = YES;
				SWIFT_COMPILATION_MODE = wholemodule;
				SWIFT_OPTIMIZATION_LEVEL = "-O";
			};
			name = Release;
		};
		64138ED7299DADAF00566CE0 /* Debug */ = {
			isa = XCBuildConfiguration;
			buildSettings = {
				ASSETCATALOG_COMPILER_APPICON_NAME = AppIcon;
				ASSETCATALOG_COMPILER_GLOBAL_ACCENT_COLOR_NAME = AccentColor;
				CODE_SIGN_ENTITLEMENTS = UltimatePortfolio/UltimatePortfolio.entitlements;
				CODE_SIGN_STYLE = Automatic;
				CURRENT_PROJECT_VERSION = 1;
				DEAD_CODE_STRIPPING = YES;
				DEVELOPMENT_ASSET_PATHS = "\"UltimatePortfolio/Preview Content\"";
				DEVELOPMENT_TEAM = N8877H53MP;
				ENABLE_HARDENED_RUNTIME = YES;
				ENABLE_PREVIEWS = YES;
				GENERATE_INFOPLIST_FILE = YES;
				INFOPLIST_FILE = UltimatePortfolio/Info.plist;
				INFOPLIST_KEY_LSApplicationCategoryType = "public.app-category.utilities";
				"INFOPLIST_KEY_UIApplicationSceneManifest_Generation[sdk=iphoneos*]" = YES;
				"INFOPLIST_KEY_UIApplicationSceneManifest_Generation[sdk=iphonesimulator*]" = YES;
				"INFOPLIST_KEY_UIApplicationSupportsIndirectInputEvents[sdk=iphoneos*]" = YES;
				"INFOPLIST_KEY_UIApplicationSupportsIndirectInputEvents[sdk=iphonesimulator*]" = YES;
				"INFOPLIST_KEY_UILaunchScreen_Generation[sdk=iphoneos*]" = YES;
				"INFOPLIST_KEY_UILaunchScreen_Generation[sdk=iphonesimulator*]" = YES;
				"INFOPLIST_KEY_UIStatusBarStyle[sdk=iphoneos*]" = UIStatusBarStyleDefault;
				"INFOPLIST_KEY_UIStatusBarStyle[sdk=iphonesimulator*]" = UIStatusBarStyleDefault;
				INFOPLIST_KEY_UISupportedInterfaceOrientations_iPad = "UIInterfaceOrientationPortrait UIInterfaceOrientationPortraitUpsideDown UIInterfaceOrientationLandscapeLeft UIInterfaceOrientationLandscapeRight";
				INFOPLIST_KEY_UISupportedInterfaceOrientations_iPhone = "UIInterfaceOrientationPortrait UIInterfaceOrientationLandscapeLeft UIInterfaceOrientationLandscapeRight";
				IPHONEOS_DEPLOYMENT_TARGET = 16.2;
				LD_RUNPATH_SEARCH_PATHS = "@executable_path/Frameworks";
				"LD_RUNPATH_SEARCH_PATHS[sdk=macosx*]" = "@executable_path/../Frameworks";
				MACOSX_DEPLOYMENT_TARGET = 13.1;
				MARKETING_VERSION = 1.0;
				PRODUCT_BUNDLE_IDENTIFIER = com.lefthandedapps.UltimatePortfolio2023;
				PRODUCT_NAME = "$(TARGET_NAME)";
				SDKROOT = auto;
				SUPPORTED_PLATFORMS = "iphoneos iphonesimulator macosx";
				SWIFT_EMIT_LOC_STRINGS = YES;
				SWIFT_VERSION = 5.0;
				TARGETED_DEVICE_FAMILY = "1,2";
			};
			name = Debug;
		};
		64138ED8299DADAF00566CE0 /* Release */ = {
			isa = XCBuildConfiguration;
			buildSettings = {
				ASSETCATALOG_COMPILER_APPICON_NAME = AppIcon;
				ASSETCATALOG_COMPILER_GLOBAL_ACCENT_COLOR_NAME = AccentColor;
				CODE_SIGN_ENTITLEMENTS = UltimatePortfolio/UltimatePortfolio.entitlements;
				CODE_SIGN_STYLE = Automatic;
				CURRENT_PROJECT_VERSION = 1;
				DEAD_CODE_STRIPPING = YES;
				DEVELOPMENT_ASSET_PATHS = "\"UltimatePortfolio/Preview Content\"";
				DEVELOPMENT_TEAM = N8877H53MP;
				ENABLE_HARDENED_RUNTIME = YES;
				ENABLE_PREVIEWS = YES;
				GENERATE_INFOPLIST_FILE = YES;
				INFOPLIST_FILE = UltimatePortfolio/Info.plist;
				INFOPLIST_KEY_LSApplicationCategoryType = "public.app-category.utilities";
				"INFOPLIST_KEY_UIApplicationSceneManifest_Generation[sdk=iphoneos*]" = YES;
				"INFOPLIST_KEY_UIApplicationSceneManifest_Generation[sdk=iphonesimulator*]" = YES;
				"INFOPLIST_KEY_UIApplicationSupportsIndirectInputEvents[sdk=iphoneos*]" = YES;
				"INFOPLIST_KEY_UIApplicationSupportsIndirectInputEvents[sdk=iphonesimulator*]" = YES;
				"INFOPLIST_KEY_UILaunchScreen_Generation[sdk=iphoneos*]" = YES;
				"INFOPLIST_KEY_UILaunchScreen_Generation[sdk=iphonesimulator*]" = YES;
				"INFOPLIST_KEY_UIStatusBarStyle[sdk=iphoneos*]" = UIStatusBarStyleDefault;
				"INFOPLIST_KEY_UIStatusBarStyle[sdk=iphonesimulator*]" = UIStatusBarStyleDefault;
				INFOPLIST_KEY_UISupportedInterfaceOrientations_iPad = "UIInterfaceOrientationPortrait UIInterfaceOrientationPortraitUpsideDown UIInterfaceOrientationLandscapeLeft UIInterfaceOrientationLandscapeRight";
				INFOPLIST_KEY_UISupportedInterfaceOrientations_iPhone = "UIInterfaceOrientationPortrait UIInterfaceOrientationLandscapeLeft UIInterfaceOrientationLandscapeRight";
				IPHONEOS_DEPLOYMENT_TARGET = 16.2;
				LD_RUNPATH_SEARCH_PATHS = "@executable_path/Frameworks";
				"LD_RUNPATH_SEARCH_PATHS[sdk=macosx*]" = "@executable_path/../Frameworks";
				MACOSX_DEPLOYMENT_TARGET = 13.1;
				MARKETING_VERSION = 1.0;
				PRODUCT_BUNDLE_IDENTIFIER = com.lefthandedapps.UltimatePortfolio2023;
				PRODUCT_NAME = "$(TARGET_NAME)";
				SDKROOT = auto;
				SUPPORTED_PLATFORMS = "iphoneos iphonesimulator macosx";
				SWIFT_EMIT_LOC_STRINGS = YES;
				SWIFT_VERSION = 5.0;
				TARGETED_DEVICE_FAMILY = "1,2";
			};
			name = Release;
		};
/* End XCBuildConfiguration section */

/* Begin XCConfigurationList section */
		64138EC2299DADAF00566CE0 /* Build configuration list for PBXProject "UltimatePortfolio" */ = {
			isa = XCConfigurationList;
			buildConfigurations = (
				64138ED4299DADAF00566CE0 /* Debug */,
				64138ED5299DADAF00566CE0 /* Release */,
			);
			defaultConfigurationIsVisible = 0;
			defaultConfigurationName = Release;
		};
		64138ED6299DADAF00566CE0 /* Build configuration list for PBXNativeTarget "UltimatePortfolio" */ = {
			isa = XCConfigurationList;
			buildConfigurations = (
				64138ED7299DADAF00566CE0 /* Debug */,
				64138ED8299DADAF00566CE0 /* Release */,
			);
			defaultConfigurationIsVisible = 0;
			defaultConfigurationName = Release;
		};
/* End XCConfigurationList section */

/* Begin XCVersionGroup section */
		64F0B34229A109F300E20CDB /* Main.xcdatamodeld */ = {
			isa = XCVersionGroup;
			children = (
				64F0B34329A109F300E20CDB /* Main.xcdatamodel */,
			);
			currentVersion = 64F0B34329A109F300E20CDB /* Main.xcdatamodel */;
			path = Main.xcdatamodeld;
			sourceTree = "<group>";
			versionGroupType = wrapper.xcdatamodel;
		};
/* End XCVersionGroup section */
	};
	rootObject = 64138EBF299DADAF00566CE0 /* Project object */;
}
